// !$*UTF8*$!
{
	archiveVersion = 1;
	classes = {
	};
	objectVersion = 50;
	objects = {

/* Begin PBXBuildFile section */
		37EE9D1E24EEC532003CC6DB /* AppDelegate.swift in Sources */ = {isa = PBXBuildFile; fileRef = 37EE9D1D24EEC532003CC6DB /* AppDelegate.swift */; };
		37EE9D2024EEC532003CC6DB /* SceneDelegate.swift in Sources */ = {isa = PBXBuildFile; fileRef = 37EE9D1F24EEC532003CC6DB /* SceneDelegate.swift */; };
		37EE9D2224EEC532003CC6DB /* ViewController.swift in Sources */ = {isa = PBXBuildFile; fileRef = 37EE9D2124EEC532003CC6DB /* ViewController.swift */; };
		37EE9D2524EEC532003CC6DB /* Main.storyboard in Resources */ = {isa = PBXBuildFile; fileRef = 37EE9D2324EEC532003CC6DB /* Main.storyboard */; };
		37EE9D2724EEC533003CC6DB /* Assets.xcassets in Resources */ = {isa = PBXBuildFile; fileRef = 37EE9D2624EEC533003CC6DB /* Assets.xcassets */; };
		37EE9D2A24EEC533003CC6DB /* LaunchScreen.storyboard in Resources */ = {isa = PBXBuildFile; fileRef = 37EE9D2824EEC533003CC6DB /* LaunchScreen.storyboard */; };
/* End PBXBuildFile section */

/* Begin PBXFileReference section */
		37EE9D1A24EEC532003CC6DB /* NewStackViewBGColorAndRoundedCorners.app */ = {isa = PBXFileReference; explicitFileType = wrapper.application; includeInIndex = 0; path = NewStackViewBGColorAndRoundedCorners.app; sourceTree = BUILT_PRODUCTS_DIR; };
		37EE9D1D24EEC532003CC6DB /* AppDelegate.swift */ = {isa = PBXFileReference; lastKnownFileType = sourcecode.swift; path = AppDelegate.swift; sourceTree = "<group>"; };
		37EE9D1F24EEC532003CC6DB /* SceneDelegate.swift */ = {isa = PBXFileReference; lastKnownFileType = sourcecode.swift; path = SceneDelegate.swift; sourceTree = "<group>"; };
		37EE9D2124EEC532003CC6DB /* ViewController.swift */ = {isa = PBXFileReference; lastKnownFileType = sourcecode.swift; path = ViewController.swift; sourceTree = "<group>"; };
		37EE9D2424EEC532003CC6DB /* Base */ = {isa = PBXFileReference; lastKnownFileType = file.storyboard; name = Base; path = Base.lproj/Main.storyboard; sourceTree = "<group>"; };
		37EE9D2624EEC533003CC6DB /* Assets.xcassets */ = {isa = PBXFileReference; lastKnownFileType = folder.assetcatalog; path = Assets.xcassets; sourceTree = "<group>"; };
		37EE9D2924EEC533003CC6DB /* Base */ = {isa = PBXFileReference; lastKnownFileType = file.storyboard; name = Base; path = Base.lproj/LaunchScreen.storyboard; sourceTree = "<group>"; };
		37EE9D2B24EEC533003CC6DB /* Info.plist */ = {isa = PBXFileReference; lastKnownFileType = text.plist.xml; path = Info.plist; sourceTree = "<group>"; };
/* End PBXFileReference section */

/* Begin PBXFrameworksBuildPhase section */
		37EE9D1724EEC532003CC6DB /* Frameworks */ = {
			isa = PBXFrameworksBuildPhase;
			buildActionMask = 2147483647;
			files = (
			);
			runOnlyForDeploymentPostprocessing = 0;
		};
/* End PBXFrameworksBuildPhase section */

/* Begin PBXGroup section */
		37EE9D1124EEC532003CC6DB = {
			isa = PBXGroup;
			children = (
				37EE9D1C24EEC532003CC6DB /* NewStackViewBGColorAndRoundedCorners */,
				37EE9D1B24EEC532003CC6DB /* Products */,
			);
			sourceTree = "<group>";
		};
		37EE9D1B24EEC532003CC6DB /* Products */ = {
			isa = PBXGroup;
			children = (
				37EE9D1A24EEC532003CC6DB /* NewStackViewBGColorAndRoundedCorners.app */,
			);
			name = Products;
			sourceTree = "<group>";
		};
		37EE9D1C24EEC532003CC6DB /* NewStackViewBGColorAndRoundedCorners */ = {
			isa = PBXGroup;
			children = (
				37EE9D1D24EEC532003CC6DB /* AppDelegate.swift */,
				37EE9D1F24EEC532003CC6DB /* SceneDelegate.swift */,
				37EE9D2124EEC532003CC6DB /* ViewController.swift */,
				37EE9D2324EEC532003CC6DB /* Main.storyboard */,
				37EE9D2624EEC533003CC6DB /* Assets.xcassets */,
				37EE9D2824EEC533003CC6DB /* LaunchScreen.storyboard */,
				37EE9D2B24EEC533003CC6DB /* Info.plist */,
			);
			path = NewStackViewBGColorAndRoundedCorners;
			sourceTree = "<group>";
		};
/* End PBXGroup section */

/* Begin PBXNativeTarget section */
		37EE9D1924EEC532003CC6DB /* NewStackViewBGColorAndRoundedCorners */ = {
			isa = PBXNativeTarget;
			buildConfigurationList = 37EE9D2E24EEC533003CC6DB /* Build configuration list for PBXNativeTarget "NewStackViewBGColorAndRoundedCorners" */;
			buildPhases = (
				37EE9D1624EEC532003CC6DB /* Sources */,
				37EE9D1724EEC532003CC6DB /* Frameworks */,
				37EE9D1824EEC532003CC6DB /* Resources */,
			);
			buildRules = (
			);
			dependencies = (
			);
			name = NewStackViewBGColorAndRoundedCorners;
			productName = NewStackViewBGColorAndRoundedCorners;
			productReference = 37EE9D1A24EEC532003CC6DB /* NewStackViewBGColorAndRoundedCorners.app */;
			productType = "com.apple.product-type.application";
		};
/* End PBXNativeTarget section */

/* Begin PBXProject section */
		37EE9D1224EEC532003CC6DB /* Project object */ = {
			isa = PBXProject;
			attributes = {
				LastSwiftUpdateCheck = 1200;
				LastUpgradeCheck = 1200;
				TargetAttributes = {
					37EE9D1924EEC532003CC6DB = {
						CreatedOnToolsVersion = 12.0;
					};
				};
			};
			buildConfigurationList = 37EE9D1524EEC532003CC6DB /* Build configuration list for PBXProject "NewStackViewBGColorAndRoundedCorners" */;
			compatibilityVersion = "Xcode 9.3";
			developmentRegion = en;
			hasScannedForEncodings = 0;
			knownRegions = (
				en,
				Base,
			);
			mainGroup = 37EE9D1124EEC532003CC6DB;
			productRefGroup = 37EE9D1B24EEC532003CC6DB /* Products */;
			projectDirPath = "";
			projectRoot = "";
			targets = (
				37EE9D1924EEC532003CC6DB /* NewStackViewBGColorAndRoundedCorners */,
			);
		};
/* End PBXProject section */

/* Begin PBXResourcesBuildPhase section */
		37EE9D1824EEC532003CC6DB /* Resources */ = {
			isa = PBXResourcesBuildPhase;
			buildActionMask = 2147483647;
			files = (
				37EE9D2A24EEC533003CC6DB /* LaunchScreen.storyboard in Resources */,
				37EE9D2724EEC533003CC6DB /* Assets.xcassets in Resources */,
				37EE9D2524EEC532003CC6DB /* Main.storyboard in Resources */,
			);
			runOnlyForDeploymentPostprocessing = 0;
		};
/* End PBXResourcesBuildPhase section */

/* Begin PBXSourcesBuildPhase section */
		37EE9D1624EEC532003CC6DB /* Sources */ = {
			isa = PBXSourcesBuildPhase;
			buildActionMask = 2147483647;
			files = (
				37EE9D2224EEC532003CC6DB /* ViewController.swift in Sources */,
				37EE9D1E24EEC532003CC6DB /* AppDelegate.swift in Sources */,
				37EE9D2024EEC532003CC6DB /* SceneDelegate.swift in Sources */,
			);
			runOnlyForDeploymentPostprocessing = 0;
		};
/* End PBXSourcesBuildPhase section */

/* Begin PBXVariantGroup section */
		37EE9D2324EEC532003CC6DB /* Main.storyboard */ = {
			isa = PBXVariantGroup;
			children = (
				37EE9D2424EEC532003CC6DB /* Base */,
			);
			name = Main.storyboard;
			sourceTree = "<group>";
		};
		37EE9D2824EEC533003CC6DB /* LaunchScreen.storyboard */ = {
			isa = PBXVariantGroup;
			children = (
				37EE9D2924EEC533003CC6DB /* Base */,
			);
			name = LaunchScreen.storyboard;
			sourceTree = "<group>";
		};
/* End PBXVariantGroup section */

/* Begin XCBuildConfiguration section */
		37EE9D2C24EEC533003CC6DB /* Debug */ = {
			isa = XCBuildConfiguration;
			buildSettings = {
				ALWAYS_SEARCH_USER_PATHS = NO;
				CLANG_ANALYZER_NONNULL = YES;
				CLANG_ANALYZER_NUMBER_OBJECT_CONVERSION = YES_AGGRESSIVE;
				CLANG_CXX_LANGUAGE_STANDARD = "gnu++14";
				CLANG_CXX_LIBRARY = "libc++";
				CLANG_ENABLE_MODULES = YES;
				CLANG_ENABLE_OBJC_ARC = YES;
				CLANG_ENABLE_OBJC_WEAK = YES;
				CLANG_WARN_BLOCK_CAPTURE_AUTORELEASING = YES;
				CLANG_WARN_BOOL_CONVERSION = YES;
				CLANG_WARN_COMMA = YES;
				CLANG_WARN_CONSTANT_CONVERSION = YES;
				CLANG_WARN_DEPRECATED_OBJC_IMPLEMENTATIONS = YES;
				CLANG_WARN_DIRECT_OBJC_ISA_USAGE = YES_ERROR;
				CLANG_WARN_DOCUMENTATION_COMMENTS = YES;
				CLANG_WARN_EMPTY_BODY = YES;
				CLANG_WARN_ENUM_CONVERSION = YES;
				CLANG_WARN_INFINITE_RECURSION = YES;
				CLANG_WARN_INT_CONVERSION = YES;
				CLANG_WARN_NON_LITERAL_NULL_CONVERSION = YES;
				CLANG_WARN_OBJC_IMPLICIT_RETAIN_SELF = YES;
				CLANG_WARN_OBJC_LITERAL_CONVERSION = YES;
				CLANG_WARN_OBJC_ROOT_CLASS = YES_ERROR;
				CLANG_WARN_QUOTED_INCLUDE_IN_FRAMEWORK_HEADER = YES;
				CLANG_WARN_RANGE_LOOP_ANALYSIS = YES;
				CLANG_WARN_STRICT_PROTOTYPES = YES;
				CLANG_WARN_SUSPICIOUS_MOVE = YES;
				CLANG_WARN_UNGUARDED_AVAILABILITY = YES_AGGRESSIVE;
				CLANG_WARN_UNREACHABLE_CODE = YES;
				CLANG_WARN__DUPLICATE_METHOD_MATCH = YES;
				COPY_PHASE_STRIP = NO;
				DEBUG_INFORMATION_FORMAT = dwarf;
				ENABLE_STRICT_OBJC_MSGSEND = YES;
				ENABLE_TESTABILITY = YES;
				GCC_C_LANGUAGE_STANDARD = gnu11;
				GCC_DYNAMIC_NO_PIC = NO;
				GCC_NO_COMMON_BLOCKS = YES;
				GCC_OPTIMIZATION_LEVEL = 0;
				GCC_PREPROCESSOR_DEFINITIONS = (
					"DEBUG=1",
					"$(inherited)",
				);
				GCC_WARN_64_TO_32_BIT_CONVERSION = YES;
				GCC_WARN_ABOUT_RETURN_TYPE = YES_ERROR;
				GCC_WARN_UNDECLARED_SELECTOR = YES;
				GCC_WARN_UNINITIALIZED_AUTOS = YES_AGGRESSIVE;
				GCC_WARN_UNUSED_FUNCTION = YES;
				GCC_WARN_UNUSED_VARIABLE = YES;
				IPHONEOS_DEPLOYMENT_TARGET = 14.0;
				MTL_ENABLE_DEBUG_INFO = INCLUDE_SOURCE;
				MTL_FAST_MATH = YES;
				ONLY_ACTIVE_ARCH = YES;
				SDKROOT = iphoneos;
				SWIFT_ACTIVE_COMPILATION_CONDITIONS = DEBUG;
				SWIFT_OPTIMIZATION_LEVEL = "-Onone";
			};
			name = Debug;
		};
		37EE9D2D24EEC533003CC6DB /* Release */ = {
			isa = XCBuildConfiguration;
			buildSettings = {
				ALWAYS_SEARCH_USER_PATHS = NO;
				CLANG_ANALYZER_NONNULL = YES;
				CLANG_ANALYZER_NUMBER_OBJECT_CONVERSION = YES_AGGRESSIVE;
				CLANG_CXX_LANGUAGE_STANDARD = "gnu++14";
				CLANG_CXX_LIBRARY = "libc++";
				CLANG_ENABLE_MODULES = YES;
				CLANG_ENABLE_OBJC_ARC = YES;
				CLANG_ENABLE_OBJC_WEAK = YES;
				CLANG_WARN_BLOCK_CAPTURE_AUTORELEASING = YES;
				CLANG_WARN_BOOL_CONVERSION = YES;
				CLANG_WARN_COMMA = YES;
				CLANG_WARN_CONSTANT_CONVERSION = YES;
				CLANG_WARN_DEPRECATED_OBJC_IMPLEMENTATIONS = YES;
				CLANG_WARN_DIRECT_OBJC_ISA_USAGE = YES_ERROR;
				CLANG_WARN_DOCUMENTATION_COMMENTS = YES;
				CLANG_WARN_EMPTY_BODY = YES;
				CLANG_WARN_ENUM_CONVERSION = YES;
				CLANG_WARN_INFINITE_RECURSION = YES;
				CLANG_WARN_INT_CONVERSION = YES;
				CLANG_WARN_NON_LITERAL_NULL_CONVERSION = YES;
				CLANG_WARN_OBJC_IMPLICIT_RETAIN_SELF = YES;
				CLANG_WARN_OBJC_LITERAL_CONVERSION = YES;
				CLANG_WARN_OBJC_ROOT_CLASS = YES_ERROR;
				CLANG_WARN_QUOTED_INCLUDE_IN_FRAMEWORK_HEADER = YES;
				CLANG_WARN_RANGE_LOOP_ANALYSIS = YES;
				CLANG_WARN_STRICT_PROTOTYPES = YES;
				CLANG_WARN_SUSPICIOUS_MOVE = YES;
				CLANG_WARN_UNGUARDED_AVAILABILITY = YES_AGGRESSIVE;
				CLANG_WARN_UNREACHABLE_CODE = YES;
				CLANG_WARN__DUPLICATE_METHOD_MATCH = YES;
				COPY_PHASE_STRIP = NO;
				DEBUG_INFORMATION_FORMAT = "dwarf-with-dsym";
				ENABLE_NS_ASSERTIONS = NO;
				ENABLE_STRICT_OBJC_MSGSEND = YES;
				GCC_C_LANGUAGE_STANDARD = gnu11;
				GCC_NO_COMMON_BLOCKS = YES;
				GCC_WARN_64_TO_32_BIT_CONVERSION = YES;
				GCC_WARN_ABOUT_RETURN_TYPE = YES_ERROR;
				GCC_WARN_UNDECLARED_SELECTOR = YES;
				GCC_WARN_UNINITIALIZED_AUTOS = YES_AGGRESSIVE;
				GCC_WARN_UNUSED_FUNCTION = YES;
				GCC_WARN_UNUSED_VARIABLE = YES;
				IPHONEOS_DEPLOYMENT_TARGET = 14.0;
				MTL_ENABLE_DEBUG_INFO = NO;
				MTL_FAST_MATH = YES;
				SDKROOT = iphoneos;
				SWIFT_COMPILATION_MODE = wholemodule;
				SWIFT_OPTIMIZATION_LEVEL = "-O";
				VALIDATE_PRODUCT = YES;
			};
			name = Release;
		};
		37EE9D2F24EEC533003CC6DB /* Debug */ = {
			isa = XCBuildConfiguration;
			buildSettings = {
				ASSETCATALOG_COMPILER_APPICON_NAME = AppIcon;
				ASSETCATALOG_COMPILER_GLOBAL_ACCENT_COLOR_NAME = AccentColor;
				CODE_SIGN_STYLE = Automatic;
				DEVELOPMENT_TEAM = D6VB3396MT;
				INFOPLIST_FILE = NewStackViewBGColorAndRoundedCorners/Info.plist;
				LD_RUNPATH_SEARCH_PATHS = (
					"$(inherited)",
					"@executable_path/Frameworks",
				);
				PRODUCT_BUNDLE_IDENTIFIER = com.marlonraskin.NewStackViewBGColorAndRoundedCorners;
				PRODUCT_NAME = "$(TARGET_NAME)";
				SWIFT_VERSION = 5.0;
				TARGETED_DEVICE_FAMILY = "1,2";
			};
			name = Debug;
		};
		37EE9D3024EEC533003CC6DB /* Release */ = {
			isa = XCBuildConfiguration;
			buildSettings = {
				ASSETCATALOG_COMPILER_APPICON_NAME = AppIcon;
				ASSETCATALOG_COMPILER_GLOBAL_ACCENT_COLOR_NAME = AccentColor;
				CODE_SIGN_STYLE = Automatic;
				DEVELOPMENT_TEAM = D6VB3396MT;
				INFOPLIST_FILE = NewStackViewBGColorAndRoundedCorners/Info.plist;
				LD_RUNPATH_SEARCH_PATHS = (
					"$(inherited)",
					"@executable_path/Frameworks",
				);
				PRODUCT_BUNDLE_IDENTIFIER = com.marlonraskin.NewStackViewBGColorAndRoundedCorners;
				PRODUCT_NAME = "$(TARGET_NAME)";
				SWIFT_VERSION = 5.0;
				TARGETED_DEVICE_FAMILY = "1,2";
			};
			name = Release;
		};
/* End XCBuildConfiguration section */

/* Begin XCConfigurationList section */
		37EE9D1524EEC532003CC6DB /* Build configuration list for PBXProject "NewStackViewBGColorAndRoundedCorners" */ = {
			isa = XCConfigurationList;
			buildConfigurations = (
				37EE9D2C24EEC533003CC6DB /* Debug */,
				37EE9D2D24EEC533003CC6DB /* Release */,
			);
			defaultConfigurationIsVisible = 0;
			defaultConfigurationName = Release;
		};
		37EE9D2E24EEC533003CC6DB /* Build configuration list for PBXNativeTarget "NewStackViewBGColorAndRoundedCorners" */ = {
			isa = XCConfigurationList;
			buildConfigurations = (
				37EE9D2F24EEC533003CC6DB /* Debug */,
				37EE9D3024EEC533003CC6DB /* Release */,
			);
			defaultConfigurationIsVisible = 0;
			defaultConfigurationName = Release;
		};
/* End XCConfigurationList section */
	};
	rootObject = 37EE9D1224EEC532003CC6DB /* Project object */;
}
